
Microsoft Visual Studio Solution File, Format Version 12.00
# Visual Studio Version 17
VisualStudioVersion = 17.10.35122.118
MinimumVisualStudioVersion = 10.0.40219.1
Project("{8BC9CEB8-8B4A-11D0-8D11-00A0C91BC942}") = "Queue", "Queue\Queue.vcxproj", "{61D930AE-0486-4E10-82A3-13DEEE2E7182}"
EndProject
Global
	GlobalSection(SolutionConfigurationPlatforms) = preSolution
		Debug|x64 = Debug|x64
		Debug|x86 = Debug|x86
		Release|x64 = Release|x64
		Release|x86 = Release|x86
	EndGlobalSection
	GlobalSection(ProjectConfigurationPlatforms) = postSolution
		{61D930AE-0486-4E10-82A3-13DEEE2E7182}.Debug|x64.ActiveCfg = Debug|x64
		{61D930AE-0486-4E10-82A3-13DEEE2E7182}.Debug|x64.Build.0 = Debug|x64
		{61D930AE-0486-4E10-82A3-13DEEE2E7182}.Debug|x86.ActiveCfg = Debug|Win32
		{61D930AE-0486-4E10-82A3-13DEEE2E7182}.Debug|x86.Build.0 = Debug|Win32
		{61D930AE-0486-4E10-82A3-13DEEE2E7182}.Release|x64.ActiveCfg = Release|x64
		{61D930AE-0486-4E10-82A3-13DEEE2E7182}.Release|x64.Build.0 = Release|x64
		{61D930AE-0486-4E10-82A3-13DEEE2E7182}.Release|x86.ActiveCfg = Release|Win32
		{61D930AE-0486-4E10-82A3-13DEEE2E7182}.Release|x86.Build.0 = Release|Win32
	EndGlobalSection
	GlobalSection(SolutionProperties) = preSolution
		HideSolutionNode = FALSE
	EndGlobalSection
	GlobalSection(ExtensibilityGlobals) = postSolution
		SolutionGuid = {7724A0AE-6A4E-4BD7-B548-92EA939572D7}
	EndGlobalSection
EndGlobal
